// !$*UTF8*$!
{
	archiveVersion = 1;
	classes = {
	};
	objectVersion = 50;
	objects = {

/* Begin PBXBuildFile section */
		236D33F92219DCBD00EF11E5 /* AppDelegate.swift in Sources */ = {isa = PBXBuildFile; fileRef = 236D33F82219DCBD00EF11E5 /* AppDelegate.swift */; };
		236D33FB2219DCBD00EF11E5 /* ViewController.swift in Sources */ = {isa = PBXBuildFile; fileRef = 236D33FA2219DCBD00EF11E5 /* ViewController.swift */; };
		236D33FE2219DCBD00EF11E5 /* Main.storyboard in Resources */ = {isa = PBXBuildFile; fileRef = 236D33FC2219DCBD00EF11E5 /* Main.storyboard */; };
		236D34002219DCC000EF11E5 /* Assets.xcassets in Resources */ = {isa = PBXBuildFile; fileRef = 236D33FF2219DCC000EF11E5 /* Assets.xcassets */; };
		236D34032219DCC000EF11E5 /* LaunchScreen.storyboard in Resources */ = {isa = PBXBuildFile; fileRef = 236D34012219DCC000EF11E5 /* LaunchScreen.storyboard */; };
		236D340E2219DCC100EF11E5 /* ShoppingListTests.swift in Sources */ = {isa = PBXBuildFile; fileRef = 236D340D2219DCC100EF11E5 /* ShoppingListTests.swift */; };
		236D34192219DCC100EF11E5 /* ShoppingListUITests.swift in Sources */ = {isa = PBXBuildFile; fileRef = 236D34182219DCC100EF11E5 /* ShoppingListUITests.swift */; };
/* End PBXBuildFile section */

/* Begin PBXContainerItemProxy section */
		236D340A2219DCC100EF11E5 /* PBXContainerItemProxy */ = {
			isa = PBXContainerItemProxy;
			containerPortal = 236D33ED2219DCBD00EF11E5 /* Project object */;
			proxyType = 1;
			remoteGlobalIDString = 236D33F42219DCBD00EF11E5;
			remoteInfo = ShoppingList;
		};
		236D34152219DCC100EF11E5 /* PBXContainerItemProxy */ = {
			isa = PBXContainerItemProxy;
			containerPortal = 236D33ED2219DCBD00EF11E5 /* Project object */;
			proxyType = 1;
			remoteGlobalIDString = 236D33F42219DCBD00EF11E5;
			remoteInfo = ShoppingList;
		};
/* End PBXContainerItemProxy section */

/* Begin PBXFileReference section */
		236D33F52219DCBD00EF11E5 /* ShoppingList.app */ = {isa = PBXFileReference; explicitFileType = wrapper.application; includeInIndex = 0; path = ShoppingList.app; sourceTree = BUILT_PRODUCTS_DIR; };
		236D33F82219DCBD00EF11E5 /* AppDelegate.swift */ = {isa = PBXFileReference; lastKnownFileType = sourcecode.swift; path = AppDelegate.swift; sourceTree = "<group>"; };
		236D33FA2219DCBD00EF11E5 /* ViewController.swift */ = {isa = PBXFileReference; lastKnownFileType = sourcecode.swift; path = ViewController.swift; sourceTree = "<group>"; };
		236D33FD2219DCBD00EF11E5 /* Base */ = {isa = PBXFileReference; lastKnownFileType = file.storyboard; name = Base; path = Base.lproj/Main.storyboard; sourceTree = "<group>"; };
		236D33FF2219DCC000EF11E5 /* Assets.xcassets */ = {isa = PBXFileReference; lastKnownFileType = folder.assetcatalog; path = Assets.xcassets; sourceTree = "<group>"; };
		236D34022219DCC000EF11E5 /* Base */ = {isa = PBXFileReference; lastKnownFileType = file.storyboard; name = Base; path = Base.lproj/LaunchScreen.storyboard; sourceTree = "<group>"; };
		236D34042219DCC000EF11E5 /* Info.plist */ = {isa = PBXFileReference; lastKnownFileType = text.plist.xml; path = Info.plist; sourceTree = "<group>"; };
		236D34092219DCC100EF11E5 /* ShoppingListTests.xctest */ = {isa = PBXFileReference; explicitFileType = wrapper.cfbundle; includeInIndex = 0; path = ShoppingListTests.xctest; sourceTree = BUILT_PRODUCTS_DIR; };
		236D340D2219DCC100EF11E5 /* ShoppingListTests.swift */ = {isa = PBXFileReference; lastKnownFileType = sourcecode.swift; path = ShoppingListTests.swift; sourceTree = "<group>"; };
		236D340F2219DCC100EF11E5 /* Info.plist */ = {isa = PBXFileReference; lastKnownFileType = text.plist.xml; path = Info.plist; sourceTree = "<group>"; };
		236D34142219DCC100EF11E5 /* ShoppingListUITests.xctest */ = {isa = PBXFileReference; explicitFileType = wrapper.cfbundle; includeInIndex = 0; path = ShoppingListUITests.xctest; sourceTree = BUILT_PRODUCTS_DIR; };
		236D34182219DCC100EF11E5 /* ShoppingListUITests.swift */ = {isa = PBXFileReference; lastKnownFileType = sourcecode.swift; path = ShoppingListUITests.swift; sourceTree = "<group>"; };
		236D341A2219DCC100EF11E5 /* Info.plist */ = {isa = PBXFileReference; lastKnownFileType = text.plist.xml; path = Info.plist; sourceTree = "<group>"; };
/* End PBXFileReference section */

/* Begin PBXFrameworksBuildPhase section */
		236D33F22219DCBD00EF11E5 /* Frameworks */ = {
			isa = PBXFrameworksBuildPhase;
			buildActionMask = 2147483647;
			files = (
			);
			runOnlyForDeploymentPostprocessing = 0;
		};
		236D34062219DCC100EF11E5 /* Frameworks */ = {
			isa = PBXFrameworksBuildPhase;
			buildActionMask = 2147483647;
			files = (
			);
			runOnlyForDeploymentPostprocessing = 0;
		};
		236D34112219DCC100EF11E5 /* Frameworks */ = {
			isa = PBXFrameworksBuildPhase;
			buildActionMask = 2147483647;
			files = (
			);
			runOnlyForDeploymentPostprocessing = 0;
		};
/* End PBXFrameworksBuildPhase section */

/* Begin PBXGroup section */
		236D33EC2219DCBD00EF11E5 = {
			isa = PBXGroup;
			children = (
				236D33F72219DCBD00EF11E5 /* ShoppingList */,
				236D340C2219DCC100EF11E5 /* ShoppingListTests */,
				236D34172219DCC100EF11E5 /* ShoppingListUITests */,
				236D33F62219DCBD00EF11E5 /* Products */,
			);
			sourceTree = "<group>";
		};
		236D33F62219DCBD00EF11E5 /* Products */ = {
			isa = PBXGroup;
			children = (
				236D33F52219DCBD00EF11E5 /* ShoppingList.app */,
				236D34092219DCC100EF11E5 /* ShoppingListTests.xctest */,
				236D34142219DCC100EF11E5 /* ShoppingListUITests.xctest */,
			);
			name = Products;
			sourceTree = "<group>";
		};
		236D33F72219DCBD00EF11E5 /* ShoppingList */ = {
			isa = PBXGroup;
			children = (
				236D33F82219DCBD00EF11E5 /* AppDelegate.swift */,
				236D33FA2219DCBD00EF11E5 /* ViewController.swift */,
				236D33FC2219DCBD00EF11E5 /* Main.storyboard */,
				236D33FF2219DCC000EF11E5 /* Assets.xcassets */,
				236D34012219DCC000EF11E5 /* LaunchScreen.storyboard */,
				236D34042219DCC000EF11E5 /* Info.plist */,
			);
			path = ShoppingList;
			sourceTree = "<group>";
		};
		236D340C2219DCC100EF11E5 /* ShoppingListTests */ = {
			isa = PBXGroup;
			children = (
				236D340D2219DCC100EF11E5 /* ShoppingListTests.swift */,
				236D340F2219DCC100EF11E5 /* Info.plist */,
			);
			path = ShoppingListTests;
			sourceTree = "<group>";
		};
		236D34172219DCC100EF11E5 /* ShoppingListUITests */ = {
			isa = PBXGroup;
			children = (
				236D34182219DCC100EF11E5 /* ShoppingListUITests.swift */,
				236D341A2219DCC100EF11E5 /* Info.plist */,
			);
			path = ShoppingListUITests;
			sourceTree = "<group>";
		};
/* End PBXGroup section */

/* Begin PBXNativeTarget section */
		236D33F42219DCBD00EF11E5 /* ShoppingList */ = {
			isa = PBXNativeTarget;
			buildConfigurationList = 236D341D2219DCC100EF11E5 /* Build configuration list for PBXNativeTarget "ShoppingList" */;
			buildPhases = (
				236D33F12219DCBD00EF11E5 /* Sources */,
				236D33F22219DCBD00EF11E5 /* Frameworks */,
				236D33F32219DCBD00EF11E5 /* Resources */,
			);
			buildRules = (
			);
			dependencies = (
			);
			name = ShoppingList;
			productName = ShoppingList;
			productReference = 236D33F52219DCBD00EF11E5 /* ShoppingList.app */;
			productType = "com.apple.product-type.application";
		};
		236D34082219DCC100EF11E5 /* ShoppingListTests */ = {
			isa = PBXNativeTarget;
			buildConfigurationList = 236D34202219DCC100EF11E5 /* Build configuration list for PBXNativeTarget "ShoppingListTests" */;
			buildPhases = (
				236D34052219DCC100EF11E5 /* Sources */,
				236D34062219DCC100EF11E5 /* Frameworks */,
				236D34072219DCC100EF11E5 /* Resources */,
			);
			buildRules = (
			);
			dependencies = (
				236D340B2219DCC100EF11E5 /* PBXTargetDependency */,
			);
			name = ShoppingListTests;
			productName = ShoppingListTests;
			productReference = 236D34092219DCC100EF11E5 /* ShoppingListTests.xctest */;
			productType = "com.apple.product-type.bundle.unit-test";
		};
		236D34132219DCC100EF11E5 /* ShoppingListUITests */ = {
			isa = PBXNativeTarget;
			buildConfigurationList = 236D34232219DCC100EF11E5 /* Build configuration list for PBXNativeTarget "ShoppingListUITests" */;
			buildPhases = (
				236D34102219DCC100EF11E5 /* Sources */,
				236D34112219DCC100EF11E5 /* Frameworks */,
				236D34122219DCC100EF11E5 /* Resources */,
			);
			buildRules = (
			);
			dependencies = (
				236D34162219DCC100EF11E5 /* PBXTargetDependency */,
			);
			name = ShoppingListUITests;
			productName = ShoppingListUITests;
			productReference = 236D34142219DCC100EF11E5 /* ShoppingListUITests.xctest */;
			productType = "com.apple.product-type.bundle.ui-testing";
		};
/* End PBXNativeTarget section */

/* Begin PBXProject section */
		236D33ED2219DCBD00EF11E5 /* Project object */ = {
			isa = PBXProject;
			attributes = {
				LastSwiftUpdateCheck = 1010;
				LastUpgradeCheck = 1010;
				ORGANIZATIONNAME = Ahmet;
				TargetAttributes = {
					236D33F42219DCBD00EF11E5 = {
						CreatedOnToolsVersion = 10.1;
					};
					236D34082219DCC100EF11E5 = {
						CreatedOnToolsVersion = 10.1;
						TestTargetID = 236D33F42219DCBD00EF11E5;
					};
					236D34132219DCC100EF11E5 = {
						CreatedOnToolsVersion = 10.1;
						TestTargetID = 236D33F42219DCBD00EF11E5;
					};
				};
			};
			buildConfigurationList = 236D33F02219DCBD00EF11E5 /* Build configuration list for PBXProject "ShoppingList" */;
			compatibilityVersion = "Xcode 9.3";
			developmentRegion = en;
			hasScannedForEncodings = 0;
			knownRegions = (
				en,
				Base,
			);
			mainGroup = 236D33EC2219DCBD00EF11E5;
			productRefGroup = 236D33F62219DCBD00EF11E5 /* Products */;
			projectDirPath = "";
			projectRoot = "";
			targets = (
				236D33F42219DCBD00EF11E5 /* ShoppingList */,
				236D34082219DCC100EF11E5 /* ShoppingListTests */,
				236D34132219DCC100EF11E5 /* ShoppingListUITests */,
			);
		};
/* End PBXProject section */

/* Begin PBXResourcesBuildPhase section */
		236D33F32219DCBD00EF11E5 /* Resources */ = {
			isa = PBXResourcesBuildPhase;
			buildActionMask = 2147483647;
			files = (
				236D34032219DCC000EF11E5 /* LaunchScreen.storyboard in Resources */,
				236D34002219DCC000EF11E5 /* Assets.xcassets in Resources */,
				236D33FE2219DCBD00EF11E5 /* Main.storyboard in Resources */,
			);
			runOnlyForDeploymentPostprocessing = 0;
		};
		236D34072219DCC100EF11E5 /* Resources */ = {
			isa = PBXResourcesBuildPhase;
			buildActionMask = 2147483647;
			files = (
			);
			runOnlyForDeploymentPostprocessing = 0;
		};
		236D34122219DCC100EF11E5 /* Resources */ = {
			isa = PBXResourcesBuildPhase;
			buildActionMask = 2147483647;
			files = (
			);
			runOnlyForDeploymentPostprocessing = 0;
		};
/* End PBXResourcesBuildPhase section */

/* Begin PBXSourcesBuildPhase section */
		236D33F12219DCBD00EF11E5 /* Sources */ = {
			isa = PBXSourcesBuildPhase;
			buildActionMask = 2147483647;
			files = (
				236D33FB2219DCBD00EF11E5 /* ViewController.swift in Sources */,
				236D33F92219DCBD00EF11E5 /* AppDelegate.swift in Sources */,
			);
			runOnlyForDeploymentPostprocessing = 0;
		};
		236D34052219DCC100EF11E5 /* Sources */ = {
			isa = PBXSourcesBuildPhase;
			buildActionMask = 2147483647;
			files = (
				236D340E2219DCC100EF11E5 /* ShoppingListTests.swift in Sources */,
			);
			runOnlyForDeploymentPostprocessing = 0;
		};
		236D34102219DCC100EF11E5 /* Sources */ = {
			isa = PBXSourcesBuildPhase;
			buildActionMask = 2147483647;
			files = (
				236D34192219DCC100EF11E5 /* ShoppingListUITests.swift in Sources */,
			);
			runOnlyForDeploymentPostprocessing = 0;
		};
/* End PBXSourcesBuildPhase section */

/* Begin PBXTargetDependency section */
		236D340B2219DCC100EF11E5 /* PBXTargetDependency */ = {
			isa = PBXTargetDependency;
			target = 236D33F42219DCBD00EF11E5 /* ShoppingList */;
			targetProxy = 236D340A2219DCC100EF11E5 /* PBXContainerItemProxy */;
		};
		236D34162219DCC100EF11E5 /* PBXTargetDependency */ = {
			isa = PBXTargetDependency;
			target = 236D33F42219DCBD00EF11E5 /* ShoppingList */;
			targetProxy = 236D34152219DCC100EF11E5 /* PBXContainerItemProxy */;
		};
/* End PBXTargetDependency section */

/* Begin PBXVariantGroup section */
		236D33FC2219DCBD00EF11E5 /* Main.storyboard */ = {
			isa = PBXVariantGroup;
			children = (
				236D33FD2219DCBD00EF11E5 /* Base */,
			);
			name = Main.storyboard;
			sourceTree = "<group>";
		};
		236D34012219DCC000EF11E5 /* LaunchScreen.storyboard */ = {
			isa = PBXVariantGroup;
			children = (
				236D34022219DCC000EF11E5 /* Base */,
			);
			name = LaunchScreen.storyboard;
			sourceTree = "<group>";
		};
/* End PBXVariantGroup section */

/* Begin XCBuildConfiguration section */
		236D341B2219DCC100EF11E5 /* Debug */ = {
			isa = XCBuildConfiguration;
			buildSettings = {
				ALWAYS_SEARCH_USER_PATHS = NO;
				CLANG_ANALYZER_NONNULL = YES;
				CLANG_ANALYZER_NUMBER_OBJECT_CONVERSION = YES_AGGRESSIVE;
				CLANG_CXX_LANGUAGE_STANDARD = "gnu++14";
				CLANG_CXX_LIBRARY = "libc++";
				CLANG_ENABLE_MODULES = YES;
				CLANG_ENABLE_OBJC_ARC = YES;
				CLANG_ENABLE_OBJC_WEAK = YES;
				CLANG_WARN_BLOCK_CAPTURE_AUTORELEASING = YES;
				CLANG_WARN_BOOL_CONVERSION = YES;
				CLANG_WARN_COMMA = YES;
				CLANG_WARN_CONSTANT_CONVERSION = YES;
				CLANG_WARN_DEPRECATED_OBJC_IMPLEMENTATIONS = YES;
				CLANG_WARN_DIRECT_OBJC_ISA_USAGE = YES_ERROR;
				CLANG_WARN_DOCUMENTATION_COMMENTS = YES;
				CLANG_WARN_EMPTY_BODY = YES;
				CLANG_WARN_ENUM_CONVERSION = YES;
				CLANG_WARN_INFINITE_RECURSION = YES;
				CLANG_WARN_INT_CONVERSION = YES;
				CLANG_WARN_NON_LITERAL_NULL_CONVERSION = YES;
				CLANG_WARN_OBJC_IMPLICIT_RETAIN_SELF = YES;
				CLANG_WARN_OBJC_LITERAL_CONVERSION = YES;
				CLANG_WARN_OBJC_ROOT_CLASS = YES_ERROR;
				CLANG_WARN_RANGE_LOOP_ANALYSIS = YES;
				CLANG_WARN_STRICT_PROTOTYPES = YES;
				CLANG_WARN_SUSPICIOUS_MOVE = YES;
				CLANG_WARN_UNGUARDED_AVAILABILITY = YES_AGGRESSIVE;
				CLANG_WARN_UNREACHABLE_CODE = YES;
				CLANG_WARN__DUPLICATE_METHOD_MATCH = YES;
				CODE_SIGN_IDENTITY = "iPhone Developer";
				COPY_PHASE_STRIP = NO;
				DEBUG_INFORMATION_FORMAT = dwarf;
				ENABLE_STRICT_OBJC_MSGSEND = YES;
				ENABLE_TESTABILITY = YES;
				GCC_C_LANGUAGE_STANDARD = gnu11;
				GCC_DYNAMIC_NO_PIC = NO;
				GCC_NO_COMMON_BLOCKS = YES;
				GCC_OPTIMIZATION_LEVEL = 0;
				GCC_PREPROCESSOR_DEFINITIONS = (
					"DEBUG=1",
					"$(inherited)",
				);
				GCC_WARN_64_TO_32_BIT_CONVERSION = YES;
				GCC_WARN_ABOUT_RETURN_TYPE = YES_ERROR;
				GCC_WARN_UNDECLARED_SELECTOR = YES;
				GCC_WARN_UNINITIALIZED_AUTOS = YES_AGGRESSIVE;
				GCC_WARN_UNUSED_FUNCTION = YES;
				GCC_WARN_UNUSED_VARIABLE = YES;
				IPHONEOS_DEPLOYMENT_TARGET = 12.1;
				MTL_ENABLE_DEBUG_INFO = INCLUDE_SOURCE;
				MTL_FAST_MATH = YES;
				ONLY_ACTIVE_ARCH = YES;
				SDKROOT = iphoneos;
				SWIFT_ACTIVE_COMPILATION_CONDITIONS = DEBUG;
				SWIFT_OPTIMIZATION_LEVEL = "-Onone";
			};
			name = Debug;
		};
		236D341C2219DCC100EF11E5 /* Release */ = {
			isa = XCBuildConfiguration;
			buildSettings = {
				ALWAYS_SEARCH_USER_PATHS = NO;
				CLANG_ANALYZER_NONNULL = YES;
				CLANG_ANALYZER_NUMBER_OBJECT_CONVERSION = YES_AGGRESSIVE;
				CLANG_CXX_LANGUAGE_STANDARD = "gnu++14";
				CLANG_CXX_LIBRARY = "libc++";
				CLANG_ENABLE_MODULES = YES;
				CLANG_ENABLE_OBJC_ARC = YES;
				CLANG_ENABLE_OBJC_WEAK = YES;
				CLANG_WARN_BLOCK_CAPTURE_AUTORELEASING = YES;
				CLANG_WARN_BOOL_CONVERSION = YES;
				CLANG_WARN_COMMA = YES;
				CLANG_WARN_CONSTANT_CONVERSION = YES;
				CLANG_WARN_DEPRECATED_OBJC_IMPLEMENTATIONS = YES;
				CLANG_WARN_DIRECT_OBJC_ISA_USAGE = YES_ERROR;
				CLANG_WARN_DOCUMENTATION_COMMENTS = YES;
				CLANG_WARN_EMPTY_BODY = YES;
				CLANG_WARN_ENUM_CONVERSION = YES;
				CLANG_WARN_INFINITE_RECURSION = YES;
				CLANG_WARN_INT_CONVERSION = YES;
				CLANG_WARN_NON_LITERAL_NULL_CONVERSION = YES;
				CLANG_WARN_OBJC_IMPLICIT_RETAIN_SELF = YES;
				CLANG_WARN_OBJC_LITERAL_CONVERSION = YES;
				CLANG_WARN_OBJC_ROOT_CLASS = YES_ERROR;
				CLANG_WARN_RANGE_LOOP_ANALYSIS = YES;
				CLANG_WARN_STRICT_PROTOTYPES = YES;
				CLANG_WARN_SUSPICIOUS_MOVE = YES;
				CLANG_WARN_UNGUARDED_AVAILABILITY = YES_AGGRESSIVE;
				CLANG_WARN_UNREACHABLE_CODE = YES;
				CLANG_WARN__DUPLICATE_METHOD_MATCH = YES;
				CODE_SIGN_IDENTITY = "iPhone Developer";
				COPY_PHASE_STRIP = NO;
				DEBUG_INFORMATION_FORMAT = "dwarf-with-dsym";
				ENABLE_NS_ASSERTIONS = NO;
				ENABLE_STRICT_OBJC_MSGSEND = YES;
				GCC_C_LANGUAGE_STANDARD = gnu11;
				GCC_NO_COMMON_BLOCKS = YES;
				GCC_WARN_64_TO_32_BIT_CONVERSION = YES;
				GCC_WARN_ABOUT_RETURN_TYPE = YES_ERROR;
				GCC_WARN_UNDECLARED_SELECTOR = YES;
				GCC_WARN_UNINITIALIZED_AUTOS = YES_AGGRESSIVE;
				GCC_WARN_UNUSED_FUNCTION = YES;
				GCC_WARN_UNUSED_VARIABLE = YES;
				IPHONEOS_DEPLOYMENT_TARGET = 12.1;
				MTL_ENABLE_DEBUG_INFO = NO;
				MTL_FAST_MATH = YES;
				SDKROOT = iphoneos;
				SWIFT_COMPILATION_MODE = wholemodule;
				SWIFT_OPTIMIZATION_LEVEL = "-O";
				VALIDATE_PRODUCT = YES;
			};
			name = Release;
		};
		236D341E2219DCC100EF11E5 /* Debug */ = {
			isa = XCBuildConfiguration;
			buildSettings = {
				ASSETCATALOG_COMPILER_APPICON_NAME = AppIcon;
				CODE_SIGN_STYLE = Automatic;
				DEVELOPMENT_TEAM = MQ79U7S5FQ;
				INFOPLIST_FILE = ShoppingList/Info.plist;
				LD_RUNPATH_SEARCH_PATHS = (
					"$(inherited)",
					"@executable_path/Frameworks",
				);
				PRODUCT_BUNDLE_IDENTIFIER = edu.depaul.csc371.ShoppingList;
				PRODUCT_NAME = "$(TARGET_NAME)";
				SWIFT_VERSION = 4.2;
				TARGETED_DEVICE_FAMILY = "1,2";
			};
			name = Debug;
		};
		236D341F2219DCC100EF11E5 /* Release */ = {
			isa = XCBuildConfiguration;
			buildSettings = {
				ASSETCATALOG_COMPILER_APPICON_NAME = AppIcon;
				CODE_SIGN_STYLE = Automatic;
				DEVELOPMENT_TEAM = MQ79U7S5FQ;
				INFOPLIST_FILE = ShoppingList/Info.plist;
				LD_RUNPATH_SEARCH_PATHS = (
					"$(inherited)",
					"@executable_path/Frameworks",
				);
				PRODUCT_BUNDLE_IDENTIFIER = edu.depaul.csc371.ShoppingList;
				PRODUCT_NAME = "$(TARGET_NAME)";
				SWIFT_VERSION = 4.2;
				TARGETED_DEVICE_FAMILY = "1,2";
			};
			name = Release;
		};
		236D34212219DCC100EF11E5 /* Debug */ = {
			isa = XCBuildConfiguration;
			buildSettings = {
				ALWAYS_EMBED_SWIFT_STANDARD_LIBRARIES = YES;
				BUNDLE_LOADER = "$(TEST_HOST)";
				CODE_SIGN_STYLE = Automatic;
				DEVELOPMENT_TEAM = MQ79U7S5FQ;
				INFOPLIST_FILE = ShoppingListTests/Info.plist;
				LD_RUNPATH_SEARCH_PATHS = (
					"$(inherited)",
					"@executable_path/Frameworks",
					"@loader_path/Frameworks",
				);
				PRODUCT_BUNDLE_IDENTIFIER = edu.depaul.csc371.ShoppingListTests;
				PRODUCT_NAME = "$(TARGET_NAME)";
				SWIFT_VERSION = 4.2;
				TARGETED_DEVICE_FAMILY = "1,2";
				TEST_HOST = "$(BUILT_PRODUCTS_DIR)/ShoppingList.app/ShoppingList";
			};
			name = Debug;
		};
		236D34222219DCC100EF11E5 /* Release */ = {
			isa = XCBuildConfiguration;
			buildSettings = {
				ALWAYS_EMBED_SWIFT_STANDARD_LIBRARIES = YES;
				BUNDLE_LOADER = "$(TEST_HOST)";
				CODE_SIGN_STYLE = Automatic;
				DEVELOPMENT_TEAM = MQ79U7S5FQ;
				INFOPLIST_FILE = ShoppingListTests/Info.plist;
				LD_RUNPATH_SEARCH_PATHS = (
					"$(inherited)",
					"@executable_path/Frameworks",
					"@loader_path/Frameworks",
				);
				PRODUCT_BUNDLE_IDENTIFIER = edu.depaul.csc371.ShoppingListTests;
				PRODUCT_NAME = "$(TARGET_NAME)";
				SWIFT_VERSION = 4.2;
				TARGETED_DEVICE_FAMILY = "1,2";
				TEST_HOST = "$(BUILT_PRODUCTS_DIR)/ShoppingList.app/ShoppingList";
			};
			name = Release;
		};
		236D34242219DCC100EF11E5 /* Debug */ = {
			isa = XCBuildConfiguration;
			buildSettings = {
				ALWAYS_EMBED_SWIFT_STANDARD_LIBRARIES = YES;
				CODE_SIGN_STYLE = Automatic;
				DEVELOPMENT_TEAM = MQ79U7S5FQ;
				INFOPLIST_FILE = ShoppingListUITests/Info.plist;
				LD_RUNPATH_SEARCH_PATHS = (
					"$(inherited)",
					"@executable_path/Frameworks",
					"@loader_path/Frameworks",
				);
				PRODUCT_BUNDLE_IDENTIFIER = edu.depaul.csc371.ShoppingListUITests;
				PRODUCT_NAME = "$(TARGET_NAME)";
				SWIFT_VERSION = 4.2;
				TARGETED_DEVICE_FAMILY = "1,2";
				TEST_TARGET_NAME = ShoppingList;
			};
			name = Debug;
		};
		236D34252219DCC100EF11E5 /* Release */ = {
			isa = XCBuildConfiguration;
			buildSettings = {
				ALWAYS_EMBED_SWIFT_STANDARD_LIBRARIES = YES;
				CODE_SIGN_STYLE = Automatic;
				DEVELOPMENT_TEAM = MQ79U7S5FQ;
				INFOPLIST_FILE = ShoppingListUITests/Info.plist;
				LD_RUNPATH_SEARCH_PATHS = (
					"$(inherited)",
					"@executable_path/Frameworks",
					"@loader_path/Frameworks",
				);
				PRODUCT_BUNDLE_IDENTIFIER = edu.depaul.csc371.ShoppingListUITests;
				PRODUCT_NAME = "$(TARGET_NAME)";
				SWIFT_VERSION = 4.2;
				TARGETED_DEVICE_FAMILY = "1,2";
				TEST_TARGET_NAME = ShoppingList;
			};
			name = Release;
		};
/* End XCBuildConfiguration section */

/* Begin XCConfigurationList section */
		236D33F02219DCBD00EF11E5 /* Build configuration list for PBXProject "ShoppingList" */ = {
			isa = XCConfigurationList;
			buildConfigurations = (
				236D341B2219DCC100EF11E5 /* Debug */,
				236D341C2219DCC100EF11E5 /* Release */,
			);
			defaultConfigurationIsVisible = 0;
			defaultConfigurationName = Release;
		};
		236D341D2219DCC100EF11E5 /* Build configuration list for PBXNativeTarget "ShoppingList" */ = {
			isa = XCConfigurationList;
			buildConfigurations = (
				236D341E2219DCC100EF11E5 /* Debug */,
				236D341F2219DCC100EF11E5 /* Release */,
			);
			defaultConfigurationIsVisible = 0;
			defaultConfigurationName = Release;
		};
		236D34202219DCC100EF11E5 /* Build configuration list for PBXNativeTarget "ShoppingListTests" */ = {
			isa = XCConfigurationList;
			buildConfigurations = (
				236D34212219DCC100EF11E5 /* Debug */,
				236D34222219DCC100EF11E5 /* Release */,
			);
			defaultConfigurationIsVisible = 0;
			defaultConfigurationName = Release;
		};
		236D34232219DCC100EF11E5 /* Build configuration list for PBXNativeTarget "ShoppingListUITests" */ = {
			isa = XCConfigurationList;
			buildConfigurations = (
				236D34242219DCC100EF11E5 /* Debug */,
				236D34252219DCC100EF11E5 /* Release */,
			);
			defaultConfigurationIsVisible = 0;
			defaultConfigurationName = Release;
		};
/* End XCConfigurationList section */
	};
	rootObject = 236D33ED2219DCBD00EF11E5 /* Project object */;
}
